// !$*UTF8*$!
{
	archiveVersion = 1;
	classes = {
	};
	objectVersion = 56;
	objects = {

/* Begin PBXBuildFile section */
		CDA11C7E2BD79A7A00594B40 /* ChatView.swift in Sources */ = {isa = PBXBuildFile; fileRef = CDA11C7D2BD79A7A00594B40 /* ChatView.swift */; };
		CDCA08322BDA2DE60031A222 /* BookingnSearchSample.swift in Sources */ = {isa = PBXBuildFile; fileRef = CDCA08312BDA2DE60031A222 /* BookingnSearchSample.swift */; };
		CDCA08342BDA34A60031A222 /* BookingFormView.swift in Sources */ = {isa = PBXBuildFile; fileRef = CDCA08332BDA34A60031A222 /* BookingFormView.swift */; };
		CDDEA1ED2BCFF85000404D30 /* HoldingView.swift in Sources */ = {isa = PBXBuildFile; fileRef = CDDEA1EC2BCFF85000404D30 /* HoldingView.swift */; };
		CDE086C92BCE19BD00BE9814 /* MapViewsApp.swift in Sources */ = {isa = PBXBuildFile; fileRef = CDE086C82BCE19BD00BE9814 /* MapViewsApp.swift */; };
		CDE086CB2BCE19BD00BE9814 /* ContentView.swift in Sources */ = {isa = PBXBuildFile; fileRef = CDE086CA2BCE19BD00BE9814 /* ContentView.swift */; };
		CDE086CD2BCE19C100BE9814 /* Assets.xcassets in Resources */ = {isa = PBXBuildFile; fileRef = CDE086CC2BCE19C100BE9814 /* Assets.xcassets */; };
		CDE086D02BCE19C100BE9814 /* Preview Assets.xcassets in Resources */ = {isa = PBXBuildFile; fileRef = CDE086CF2BCE19C100BE9814 /* Preview Assets.xcassets */; };
/* End PBXBuildFile section */

/* Begin PBXFileReference section */
		CDA11C7D2BD79A7A00594B40 /* ChatView.swift */ = {isa = PBXFileReference; lastKnownFileType = sourcecode.swift; path = ChatView.swift; sourceTree = "<group>"; };
		CDCA08312BDA2DE60031A222 /* BookingnSearchSample.swift */ = {isa = PBXFileReference; lastKnownFileType = sourcecode.swift; path = BookingnSearchSample.swift; sourceTree = "<group>"; };
		CDCA08332BDA34A60031A222 /* BookingFormView.swift */ = {isa = PBXFileReference; lastKnownFileType = sourcecode.swift; path = BookingFormView.swift; sourceTree = "<group>"; };
		CDDEA1EC2BCFF85000404D30 /* HoldingView.swift */ = {isa = PBXFileReference; lastKnownFileType = sourcecode.swift; path = HoldingView.swift; sourceTree = "<group>"; };
		CDE086C52BCE19BD00BE9814 /* MapViews.app */ = {isa = PBXFileReference; explicitFileType = wrapper.application; includeInIndex = 0; path = MapViews.app; sourceTree = BUILT_PRODUCTS_DIR; };
		CDE086C82BCE19BD00BE9814 /* MapViewsApp.swift */ = {isa = PBXFileReference; lastKnownFileType = sourcecode.swift; path = MapViewsApp.swift; sourceTree = "<group>"; };
		CDE086CA2BCE19BD00BE9814 /* ContentView.swift */ = {isa = PBXFileReference; lastKnownFileType = sourcecode.swift; path = ContentView.swift; sourceTree = "<group>"; };
		CDE086CC2BCE19C100BE9814 /* Assets.xcassets */ = {isa = PBXFileReference; lastKnownFileType = folder.assetcatalog; path = Assets.xcassets; sourceTree = "<group>"; };
		CDE086CF2BCE19C100BE9814 /* Preview Assets.xcassets */ = {isa = PBXFileReference; lastKnownFileType = folder.assetcatalog; path = "Preview Assets.xcassets"; sourceTree = "<group>"; };
/* End PBXFileReference section */

/* Begin PBXFrameworksBuildPhase section */
		CDE086C22BCE19BD00BE9814 /* Frameworks */ = {
			isa = PBXFrameworksBuildPhase;
			buildActionMask = 2147483647;
			files = (
			);
			runOnlyForDeploymentPostprocessing = 0;
		};
/* End PBXFrameworksBuildPhase section */

/* Begin PBXGroup section */
		CDE086BC2BCE19BD00BE9814 = {
			isa = PBXGroup;
			children = (
				CDE086C72BCE19BD00BE9814 /* MapViews */,
				CDE086C62BCE19BD00BE9814 /* Products */,
			);
			sourceTree = "<group>";
		};
		CDE086C62BCE19BD00BE9814 /* Products */ = {
			isa = PBXGroup;
			children = (
				CDE086C52BCE19BD00BE9814 /* MapViews.app */,
			);
			name = Products;
			sourceTree = "<group>";
		};
		CDE086C72BCE19BD00BE9814 /* MapViews */ = {
			isa = PBXGroup;
			children = (
				CDE086C82BCE19BD00BE9814 /* MapViewsApp.swift */,
				CDE086CA2BCE19BD00BE9814 /* ContentView.swift */,
				CDDEA1EC2BCFF85000404D30 /* HoldingView.swift */,
				CDE086CC2BCE19C100BE9814 /* Assets.xcassets */,
				CDE086CE2BCE19C100BE9814 /* Preview Content */,
				CDA11C7D2BD79A7A00594B40 /* ChatView.swift */,
				CDCA08312BDA2DE60031A222 /* BookingnSearchSample.swift */,
				CDCA08332BDA34A60031A222 /* BookingFormView.swift */,
			);
			path = MapViews;
			sourceTree = "<group>";
		};
		CDE086CE2BCE19C100BE9814 /* Preview Content */ = {
			isa = PBXGroup;
			children = (
				CDE086CF2BCE19C100BE9814 /* Preview Assets.xcassets */,
			);
			path = "Preview Content";
			sourceTree = "<group>";
		};
/* End PBXGroup section */

/* Begin PBXNativeTarget section */
		CDE086C42BCE19BD00BE9814 /* MapViews */ = {
			isa = PBXNativeTarget;
			buildConfigurationList = CDE086D32BCE19C100BE9814 /* Build configuration list for PBXNativeTarget "MapViews" */;
			buildPhases = (
				CDE086C12BCE19BD00BE9814 /* Sources */,
				CDE086C22BCE19BD00BE9814 /* Frameworks */,
				CDE086C32BCE19BD00BE9814 /* Resources */,
			);
			buildRules = (
			);
			dependencies = (
			);
			name = MapViews;
			productName = MapViews;
			productReference = CDE086C52BCE19BD00BE9814 /* MapViews.app */;
			productType = "com.apple.product-type.application";
		};
/* End PBXNativeTarget section */

/* Begin PBXProject section */
		CDE086BD2BCE19BD00BE9814 /* Project object */ = {
			isa = PBXProject;
			attributes = {
				BuildIndependentTargetsInParallel = 1;
				LastSwiftUpdateCheck = 1500;
				LastUpgradeCheck = 1500;
				TargetAttributes = {
					CDE086C42BCE19BD00BE9814 = {
						CreatedOnToolsVersion = 15.0.1;
					};
				};
			};
			buildConfigurationList = CDE086C02BCE19BD00BE9814 /* Build configuration list for PBXProject "MapViews" */;
			compatibilityVersion = "Xcode 14.0";
			developmentRegion = en;
			hasScannedForEncodings = 0;
			knownRegions = (
				en,
				Base,
			);
			mainGroup = CDE086BC2BCE19BD00BE9814;
			productRefGroup = CDE086C62BCE19BD00BE9814 /* Products */;
			projectDirPath = "";
			projectRoot = "";
			targets = (
				CDE086C42BCE19BD00BE9814 /* MapViews */,
			);
		};
/* End PBXProject section */

/* Begin PBXResourcesBuildPhase section */
		CDE086C32BCE19BD00BE9814 /* Resources */ = {
			isa = PBXResourcesBuildPhase;
			buildActionMask = 2147483647;
			files = (
				CDE086D02BCE19C100BE9814 /* Preview Assets.xcassets in Resources */,
				CDE086CD2BCE19C100BE9814 /* Assets.xcassets in Resources */,
			);
			runOnlyForDeploymentPostprocessing = 0;
		};
/* End PBXResourcesBuildPhase section */

/* Begin PBXSourcesBuildPhase section */
		CDE086C12BCE19BD00BE9814 /* Sources */ = {
			isa = PBXSourcesBuildPhase;
			buildActionMask = 2147483647;
			files = (
				CDA11C7E2BD79A7A00594B40 /* ChatView.swift in Sources */,
				CDE086CB2BCE19BD00BE9814 /* ContentView.swift in Sources */,
				CDCA08342BDA34A60031A222 /* BookingFormView.swift in Sources */,
				CDE086C92BCE19BD00BE9814 /* MapViewsApp.swift in Sources */,
				CDCA08322BDA2DE60031A222 /* BookingnSearchSample.swift in Sources */,
				CDDEA1ED2BCFF85000404D30 /* HoldingView.swift in Sources */,
			);
			runOnlyForDeploymentPostprocessing = 0;
		};
/* End PBXSourcesBuildPhase section */

/* Begin XCBuildConfiguration section */
		CDE086D12BCE19C100BE9814 /* Debug */ = {
			isa = XCBuildConfiguration;
			buildSettings = {
				ALWAYS_SEARCH_USER_PATHS = NO;
				ASSETCATALOG_COMPILER_GENERATE_SWIFT_ASSET_SYMBOL_EXTENSIONS = YES;
				CLANG_ANALYZER_NONNULL = YES;
				CLANG_ANALYZER_NUMBER_OBJECT_CONVERSION = YES_AGGRESSIVE;
				CLANG_CXX_LANGUAGE_STANDARD = "gnu++20";
				CLANG_ENABLE_MODULES = YES;
				CLANG_ENABLE_OBJC_ARC = YES;
				CLANG_ENABLE_OBJC_WEAK = YES;
				CLANG_WARN_BLOCK_CAPTURE_AUTORELEASING = YES;
				CLANG_WARN_BOOL_CONVERSION = YES;
				CLANG_WARN_COMMA = YES;
				CLANG_WARN_CONSTANT_CONVERSION = YES;
				CLANG_WARN_DEPRECATED_OBJC_IMPLEMENTATIONS = YES;
				CLANG_WARN_DIRECT_OBJC_ISA_USAGE = YES_ERROR;
				CLANG_WARN_DOCUMENTATION_COMMENTS = YES;
				CLANG_WARN_EMPTY_BODY = YES;
				CLANG_WARN_ENUM_CONVERSION = YES;
				CLANG_WARN_INFINITE_RECURSION = YES;
				CLANG_WARN_INT_CONVERSION = YES;
				CLANG_WARN_NON_LITERAL_NULL_CONVERSION = YES;
				CLANG_WARN_OBJC_IMPLICIT_RETAIN_SELF = YES;
				CLANG_WARN_OBJC_LITERAL_CONVERSION = YES;
				CLANG_WARN_OBJC_ROOT_CLASS = YES_ERROR;
				CLANG_WARN_QUOTED_INCLUDE_IN_FRAMEWORK_HEADER = YES;
				CLANG_WARN_RANGE_LOOP_ANALYSIS = YES;
				CLANG_WARN_STRICT_PROTOTYPES = YES;
				CLANG_WARN_SUSPICIOUS_MOVE = YES;
				CLANG_WARN_UNGUARDED_AVAILABILITY = YES_AGGRESSIVE;
				CLANG_WARN_UNREACHABLE_CODE = YES;
				CLANG_WARN__DUPLICATE_METHOD_MATCH = YES;
				COPY_PHASE_STRIP = NO;
				DEBUG_INFORMATION_FORMAT = dwarf;
				ENABLE_STRICT_OBJC_MSGSEND = YES;
				ENABLE_TESTABILITY = YES;
				ENABLE_USER_SCRIPT_SANDBOXING = YES;
				GCC_C_LANGUAGE_STANDARD = gnu17;
				GCC_DYNAMIC_NO_PIC = NO;
				GCC_NO_COMMON_BLOCKS = YES;
				GCC_OPTIMIZATION_LEVEL = 0;
				GCC_PREPROCESSOR_DEFINITIONS = (
					"DEBUG=1",
					"$(inherited)",
				);
				GCC_WARN_64_TO_32_BIT_CONVERSION = YES;
				GCC_WARN_ABOUT_RETURN_TYPE = YES_ERROR;
				GCC_WARN_UNDECLARED_SELECTOR = YES;
				GCC_WARN_UNINITIALIZED_AUTOS = YES_AGGRESSIVE;
				GCC_WARN_UNUSED_FUNCTION = YES;
				GCC_WARN_UNUSED_VARIABLE = YES;
				IPHONEOS_DEPLOYMENT_TARGET = 17.0;
				LOCALIZATION_PREFERS_STRING_CATALOGS = YES;
				MTL_ENABLE_DEBUG_INFO = INCLUDE_SOURCE;
				MTL_FAST_MATH = YES;
				ONLY_ACTIVE_ARCH = YES;
				SDKROOT = iphoneos;
				SWIFT_ACTIVE_COMPILATION_CONDITIONS = "DEBUG $(inherited)";
				SWIFT_OPTIMIZATION_LEVEL = "-Onone";
			};
			name = Debug;
		};
		CDE086D22BCE19C100BE9814 /* Release */ = {
			isa = XCBuildConfiguration;
			buildSettings = {
				ALWAYS_SEARCH_USER_PATHS = NO;
				ASSETCATALOG_COMPILER_GENERATE_SWIFT_ASSET_SYMBOL_EXTENSIONS = YES;
				CLANG_ANALYZER_NONNULL = YES;
				CLANG_ANALYZER_NUMBER_OBJECT_CONVERSION = YES_AGGRESSIVE;
				CLANG_CXX_LANGUAGE_STANDARD = "gnu++20";
				CLANG_ENABLE_MODULES = YES;
				CLANG_ENABLE_OBJC_ARC = YES;
				CLANG_ENABLE_OBJC_WEAK = YES;
				CLANG_WARN_BLOCK_CAPTURE_AUTORELEASING = YES;
				CLANG_WARN_BOOL_CONVERSION = YES;
				CLANG_WARN_COMMA = YES;
				CLANG_WARN_CONSTANT_CONVERSION = YES;
				CLANG_WARN_DEPRECATED_OBJC_IMPLEMENTATIONS = YES;
				CLANG_WARN_DIRECT_OBJC_ISA_USAGE = YES_ERROR;
				CLANG_WARN_DOCUMENTATION_COMMENTS = YES;
				CLANG_WARN_EMPTY_BODY = YES;
				CLANG_WARN_ENUM_CONVERSION = YES;
				CLANG_WARN_INFINITE_RECURSION = YES;
				CLANG_WARN_INT_CONVERSION = YES;
				CLANG_WARN_NON_LITERAL_NULL_CONVERSION = YES;
				CLANG_WARN_OBJC_IMPLICIT_RETAIN_SELF = YES;
				CLANG_WARN_OBJC_LITERAL_CONVERSION = YES;
				CLANG_WARN_OBJC_ROOT_CLASS = YES_ERROR;
				CLANG_WARN_QUOTED_INCLUDE_IN_FRAMEWORK_HEADER = YES;
				CLANG_WARN_RANGE_LOOP_ANALYSIS = YES;
				CLANG_WARN_STRICT_PROTOTYPES = YES;
				CLANG_WARN_SUSPICIOUS_MOVE = YES;
				CLANG_WARN_UNGUARDED_AVAILABILITY = YES_AGGRESSIVE;
				CLANG_WARN_UNREACHABLE_CODE = YES;
				CLANG_WARN__DUPLICATE_METHOD_MATCH = YES;
				COPY_PHASE_STRIP = NO;
				DEBUG_INFORMATION_FORMAT = "dwarf-with-dsym";
				ENABLE_NS_ASSERTIONS = NO;
				ENABLE_STRICT_OBJC_MSGSEND = YES;
				ENABLE_USER_SCRIPT_SANDBOXING = YES;
				GCC_C_LANGUAGE_STANDARD = gnu17;
				GCC_NO_COMMON_BLOCKS = YES;
				GCC_WARN_64_TO_32_BIT_CONVERSION = YES;
				GCC_WARN_ABOUT_RETURN_TYPE = YES_ERROR;
				GCC_WARN_UNDECLARED_SELECTOR = YES;
				GCC_WARN_UNINITIALIZED_AUTOS = YES_AGGRESSIVE;
				GCC_WARN_UNUSED_FUNCTION = YES;
				GCC_WARN_UNUSED_VARIABLE = YES;
				IPHONEOS_DEPLOYMENT_TARGET = 17.0;
				LOCALIZATION_PREFERS_STRING_CATALOGS = YES;
				MTL_ENABLE_DEBUG_INFO = NO;
				MTL_FAST_MATH = YES;
				SDKROOT = iphoneos;
				SWIFT_COMPILATION_MODE = wholemodule;
				VALIDATE_PRODUCT = YES;
			};
			name = Release;
		};
		CDE086D42BCE19C100BE9814 /* Debug */ = {
			isa = XCBuildConfiguration;
			buildSettings = {
				ASSETCATALOG_COMPILER_APPICON_NAME = AppIcon;
				ASSETCATALOG_COMPILER_GLOBAL_ACCENT_COLOR_NAME = AccentColor;
				CODE_SIGN_STYLE = Automatic;
				CURRENT_PROJECT_VERSION = 1;
				DEVELOPMENT_ASSET_PATHS = "\"MapViews/Preview Content\"";
				ENABLE_PREVIEWS = YES;
				GENERATE_INFOPLIST_FILE = YES;
				INFOPLIST_KEY_NSLocationAlwaysAndWhenInUseUsageDescription = "\"Please allow location access\"";
				INFOPLIST_KEY_NSLocationAlwaysUsageDescription = "\"Please allow location access\"";
				INFOPLIST_KEY_UIApplicationSceneManifest_Generation = YES;
				INFOPLIST_KEY_UIApplicationSupportsIndirectInputEvents = YES;
				INFOPLIST_KEY_UILaunchScreen_Generation = YES;
				INFOPLIST_KEY_UISupportedInterfaceOrientations_iPad = "UIInterfaceOrientationPortrait UIInterfaceOrientationPortraitUpsideDown UIInterfaceOrientationLandscapeLeft UIInterfaceOrientationLandscapeRight";
				INFOPLIST_KEY_UISupportedInterfaceOrientations_iPhone = "UIInterfaceOrientationPortrait UIInterfaceOrientationLandscapeLeft UIInterfaceOrientationLandscapeRight";
				LD_RUNPATH_SEARCH_PATHS = (
					"$(inherited)",
					"@executable_path/Frameworks",
				);
				MARKETING_VERSION = 1.0;
				PRODUCT_BUNDLE_IDENTIFIER = makape.com.MapViews;
				PRODUCT_NAME = "$(TARGET_NAME)";
				SWIFT_EMIT_LOC_STRINGS = YES;
				SWIFT_VERSION = 5.0;
				TARGETED_DEVICE_FAMILY = "1,2";
			};
			name = Debug;
		};
		CDE086D52BCE19C100BE9814 /* Release */ = {
			isa = XCBuildConfiguration;
			buildSettings = {
				ASSETCATALOG_COMPILER_APPICON_NAME = AppIcon;
				ASSETCATALOG_COMPILER_GLOBAL_ACCENT_COLOR_NAME = AccentColor;
				CODE_SIGN_STYLE = Automatic;
				CURRENT_PROJECT_VERSION = 1;
				DEVELOPMENT_ASSET_PATHS = "\"MapViews/Preview Content\"";
				ENABLE_PREVIEWS = YES;
				GENERATE_INFOPLIST_FILE = YES;
				INFOPLIST_KEY_NSLocationAlwaysAndWhenInUseUsageDescription = "\"Please allow location access\"";
				INFOPLIST_KEY_NSLocationAlwaysUsageDescription = "\"Please allow location access\"";
				INFOPLIST_KEY_UIApplicationSceneManifest_Generation = YES;
				INFOPLIST_KEY_UIApplicationSupportsIndirectInputEvents = YES;
				INFOPLIST_KEY_UILaunchScreen_Generation = YES;
				INFOPLIST_KEY_UISupportedInterfaceOrientations_iPad = "UIInterfaceOrientationPortrait UIInterfaceOrientationPortraitUpsideDown UIInterfaceOrientationLandscapeLeft UIInterfaceOrientationLandscapeRight";
				INFOPLIST_KEY_UISupportedInterfaceOrientations_iPhone = "UIInterfaceOrientationPortrait UIInterfaceOrientationLandscapeLeft UIInterfaceOrientationLandscapeRight";
				LD_RUNPATH_SEARCH_PATHS = (
					"$(inherited)",
					"@executable_path/Frameworks",
				);
				MARKETING_VERSION = 1.0;
				PRODUCT_BUNDLE_IDENTIFIER = makape.com.MapViews;
				PRODUCT_NAME = "$(TARGET_NAME)";
				SWIFT_EMIT_LOC_STRINGS = YES;
				SWIFT_VERSION = 5.0;
				TARGETED_DEVICE_FAMILY = "1,2";
			};
			name = Release;
		};
/* End XCBuildConfiguration section */

/* Begin XCConfigurationList section */
		CDE086C02BCE19BD00BE9814 /* Build configuration list for PBXProject "MapViews" */ = {
			isa = XCConfigurationList;
			buildConfigurations = (
				CDE086D12BCE19C100BE9814 /* Debug */,
				CDE086D22BCE19C100BE9814 /* Release */,
			);
			defaultConfigurationIsVisible = 0;
			defaultConfigurationName = Release;
		};
		CDE086D32BCE19C100BE9814 /* Build configuration list for PBXNativeTarget "MapViews" */ = {
			isa = XCConfigurationList;
			buildConfigurations = (
				CDE086D42BCE19C100BE9814 /* Debug */,
				CDE086D52BCE19C100BE9814 /* Release */,
			);
			defaultConfigurationIsVisible = 0;
			defaultConfigurationName = Release;
		};
/* End XCConfigurationList section */
	};
	rootObject = CDE086BD2BCE19BD00BE9814 /* Project object */;
}
